
Microsoft Visual Studio Solution File, Format Version 12.00
# Visual Studio Version 17
VisualStudioVersion = 17.7.34202.233
MinimumVisualStudioVersion = 10.0.40219.1
Project("{9A19103F-16F7-4668-BE54-9A1E7A4F7556}") = "WorkDayApplication", "WorkDayApplication\WorkDayApplication.csproj", "{9C0AEE58-5A45-4AFE-99F8-ECB449E0A8B4}"
EndProject
Project("{FAE04EC0-301F-11D3-BF4B-00C04F79EFBC}") = "EntityFramework", "EntityFramework\EntityFramework.csproj", "{72180D02-094A-4B08-91EC-ACB72BF874D1}"
EndProject
Global
	GlobalSection(SolutionConfigurationPlatforms) = preSolution
		Debug|Any CPU = Debug|Any CPU
		Release|Any CPU = Release|Any CPU
	EndGlobalSection
	GlobalSection(ProjectConfigurationPlatforms) = postSolution
		{9C0AEE58-5A45-4AFE-99F8-ECB449E0A8B4}.Debug|Any CPU.ActiveCfg = Debug|Any CPU
		{9C0AEE58-5A45-4AFE-99F8-ECB449E0A8B4}.Debug|Any CPU.Build.0 = Debug|Any CPU
		{9C0AEE58-5A45-4AFE-99F8-ECB449E0A8B4}.Release|Any CPU.ActiveCfg = Release|Any CPU
		{9C0AEE58-5A45-4AFE-99F8-ECB449E0A8B4}.Release|Any CPU.Build.0 = Release|Any CPU
		{72180D02-094A-4B08-91EC-ACB72BF874D1}.Debug|Any CPU.ActiveCfg = Debug|Any CPU
		{72180D02-094A-4B08-91EC-ACB72BF874D1}.Debug|Any CPU.Build.0 = Debug|Any CPU
		{72180D02-094A-4B08-91EC-ACB72BF874D1}.Release|Any CPU.ActiveCfg = Release|Any CPU
		{72180D02-094A-4B08-91EC-ACB72BF874D1}.Release|Any CPU.Build.0 = Release|Any CPU
	EndGlobalSection
	GlobalSection(SolutionProperties) = preSolution
		HideSolutionNode = FALSE
	EndGlobalSection
	GlobalSection(ExtensibilityGlobals) = postSolution
		SolutionGuid = {804E2D11-048A-46B1-A834-DC368FDA510B}
	EndGlobalSection
EndGlobal
